
Microsoft Visual Studio Solution File, Format Version 12.00
# Visual Studio 15
VisualStudioVersion = 15.0.28307.271
MinimumVisualStudioVersion = 10.0.40219.1
Project("{FAE04EC0-301F-11D3-BF4B-00C04F79EFBC}") = "NorthwindEF.UI", "NorthwindEF.UI\NorthwindEF.UI.csproj", "{A603DFD7-DAEF-4534-ACF8-10BB966E616F}"
EndProject
Project("{FAE04EC0-301F-11D3-BF4B-00C04F79EFBC}") = "NorthwindCF.DAL", "NorthwindCF.DAL\NorthwindCF.DAL.csproj", "{A33A3D7E-C48F-4C3D-BA1A-CDE1ED349825}"
EndProject
Project("{FAE04EC0-301F-11D3-BF4B-00C04F79EFBC}") = "NorthwindCF.BLL", "NorthwindCF.BLL\NorthwindCF.BLL.csproj", "{A024AF68-978F-4E56-800D-DF4F7F8BA16F}"
EndProject
Project("{FAE04EC0-301F-11D3-BF4B-00C04F79EFBC}") = "NorthwindEntity", "NorthwindEntity\NorthwindEntity.csproj", "{69C77F41-5308-4AA9-85EB-393A5012A4D2}"
EndProject
Global
	GlobalSection(SolutionConfigurationPlatforms) = preSolution
		Debug|Any CPU = Debug|Any CPU
		Release|Any CPU = Release|Any CPU
	EndGlobalSection
	GlobalSection(ProjectConfigurationPlatforms) = postSolution
		{A603DFD7-DAEF-4534-ACF8-10BB966E616F}.Debug|Any CPU.ActiveCfg = Debug|Any CPU
		{A603DFD7-DAEF-4534-ACF8-10BB966E616F}.Debug|Any CPU.Build.0 = Debug|Any CPU
		{A603DFD7-DAEF-4534-ACF8-10BB966E616F}.Release|Any CPU.ActiveCfg = Release|Any CPU
		{A603DFD7-DAEF-4534-ACF8-10BB966E616F}.Release|Any CPU.Build.0 = Release|Any CPU
		{A33A3D7E-C48F-4C3D-BA1A-CDE1ED349825}.Debug|Any CPU.ActiveCfg = Debug|Any CPU
		{A33A3D7E-C48F-4C3D-BA1A-CDE1ED349825}.Debug|Any CPU.Build.0 = Debug|Any CPU
		{A33A3D7E-C48F-4C3D-BA1A-CDE1ED349825}.Release|Any CPU.ActiveCfg = Release|Any CPU
		{A33A3D7E-C48F-4C3D-BA1A-CDE1ED349825}.Release|Any CPU.Build.0 = Release|Any CPU
		{A024AF68-978F-4E56-800D-DF4F7F8BA16F}.Debug|Any CPU.ActiveCfg = Debug|Any CPU
		{A024AF68-978F-4E56-800D-DF4F7F8BA16F}.Debug|Any CPU.Build.0 = Debug|Any CPU
		{A024AF68-978F-4E56-800D-DF4F7F8BA16F}.Release|Any CPU.ActiveCfg = Release|Any CPU
		{A024AF68-978F-4E56-800D-DF4F7F8BA16F}.Release|Any CPU.Build.0 = Release|Any CPU
		{69C77F41-5308-4AA9-85EB-393A5012A4D2}.Debug|Any CPU.ActiveCfg = Debug|Any CPU
		{69C77F41-5308-4AA9-85EB-393A5012A4D2}.Debug|Any CPU.Build.0 = Debug|Any CPU
		{69C77F41-5308-4AA9-85EB-393A5012A4D2}.Release|Any CPU.ActiveCfg = Release|Any CPU
		{69C77F41-5308-4AA9-85EB-393A5012A4D2}.Release|Any CPU.Build.0 = Release|Any CPU
	EndGlobalSection
	GlobalSection(SolutionProperties) = preSolution
		HideSolutionNode = FALSE
	EndGlobalSection
	GlobalSection(ExtensibilityGlobals) = postSolution
		SolutionGuid = {C8135BC8-4490-44A6-A428-944546670FF8}
	EndGlobalSection
EndGlobal
